
Microsoft Visual Studio Solution File, Format Version 12.00
# Visual Studio Version 17
VisualStudioVersion = 17.11.35222.181
MinimumVisualStudioVersion = 10.0.40219.1
Project("{FAE04EC0-301F-11D3-BF4B-00C04F79EFBC}") = "API", "API\API.csproj", "{366813EB-17AE-4B07-8CAC-C2E018F7E141}"
EndProject
Project("{FAE04EC0-301F-11D3-BF4B-00C04F79EFBC}") = "Domain", "Domain\Domain.csproj", "{F5A5767B-779D-46BD-B5E0-59D249BFEFBF}"
EndProject
Project("{FAE04EC0-301F-11D3-BF4B-00C04F79EFBC}") = "Application", "Application\Application.csproj", "{9396611A-33F4-41C4-AB3D-0C90BEE4156B}"
EndProject
Project("{FAE04EC0-301F-11D3-BF4B-00C04F79EFBC}") = "Infrastructure", "Infrastructure\Infrastructure.csproj", "{181AACF8-51A3-464A-B590-D69830055AB7}"
EndProject
Global
	GlobalSection(SolutionConfigurationPlatforms) = preSolution
		Debug|Any CPU = Debug|Any CPU
		Release|Any CPU = Release|Any CPU
	EndGlobalSection
	GlobalSection(ProjectConfigurationPlatforms) = postSolution
		{366813EB-17AE-4B07-8CAC-C2E018F7E141}.Debug|Any CPU.ActiveCfg = Debug|Any CPU
		{366813EB-17AE-4B07-8CAC-C2E018F7E141}.Debug|Any CPU.Build.0 = Debug|Any CPU
		{366813EB-17AE-4B07-8CAC-C2E018F7E141}.Release|Any CPU.ActiveCfg = Release|Any CPU
		{366813EB-17AE-4B07-8CAC-C2E018F7E141}.Release|Any CPU.Build.0 = Release|Any CPU
		{F5A5767B-779D-46BD-B5E0-59D249BFEFBF}.Debug|Any CPU.ActiveCfg = Debug|Any CPU
		{F5A5767B-779D-46BD-B5E0-59D249BFEFBF}.Debug|Any CPU.Build.0 = Debug|Any CPU
		{F5A5767B-779D-46BD-B5E0-59D249BFEFBF}.Release|Any CPU.ActiveCfg = Release|Any CPU
		{F5A5767B-779D-46BD-B5E0-59D249BFEFBF}.Release|Any CPU.Build.0 = Release|Any CPU
		{9396611A-33F4-41C4-AB3D-0C90BEE4156B}.Debug|Any CPU.ActiveCfg = Debug|Any CPU
		{9396611A-33F4-41C4-AB3D-0C90BEE4156B}.Debug|Any CPU.Build.0 = Debug|Any CPU
		{9396611A-33F4-41C4-AB3D-0C90BEE4156B}.Release|Any CPU.ActiveCfg = Release|Any CPU
		{9396611A-33F4-41C4-AB3D-0C90BEE4156B}.Release|Any CPU.Build.0 = Release|Any CPU
		{181AACF8-51A3-464A-B590-D69830055AB7}.Debug|Any CPU.ActiveCfg = Debug|Any CPU
		{181AACF8-51A3-464A-B590-D69830055AB7}.Debug|Any CPU.Build.0 = Debug|Any CPU
		{181AACF8-51A3-464A-B590-D69830055AB7}.Release|Any CPU.ActiveCfg = Release|Any CPU
		{181AACF8-51A3-464A-B590-D69830055AB7}.Release|Any CPU.Build.0 = Release|Any CPU
	EndGlobalSection
	GlobalSection(SolutionProperties) = preSolution
		HideSolutionNode = FALSE
	EndGlobalSection
	GlobalSection(ExtensibilityGlobals) = postSolution
		SolutionGuid = {028E7F62-02DE-4B27-80B3-56923A8B14B8}
	EndGlobalSection
EndGlobal
